
Microsoft Visual Studio Solution File, Format Version 12.00
# Visual Studio Version 16
VisualStudioVersion = 16.0.31205.134
MinimumVisualStudioVersion = 10.0.40219.1
Project("{FAE04EC0-301F-11D3-BF4B-00C04F79EFBC}") = "MapPSO", "MapPSO.csproj", "{ADC08B94-DA49-4E69-878E-0FE4C7FF03B5}"
EndProject
Global
	GlobalSection(SolutionConfigurationPlatforms) = preSolution
		Debug|Any CPU = Debug|Any CPU
		Release|Any CPU = Release|Any CPU
	EndGlobalSection
	GlobalSection(ProjectConfigurationPlatforms) = postSolution
		{ADC08B94-DA49-4E69-878E-0FE4C7FF03B5}.Debug|Any CPU.ActiveCfg = Debug|Any CPU
		{ADC08B94-DA49-4E69-878E-0FE4C7FF03B5}.Debug|Any CPU.Build.0 = Debug|Any CPU
		{ADC08B94-DA49-4E69-878E-0FE4C7FF03B5}.Release|Any CPU.ActiveCfg = Release|Any CPU
		{ADC08B94-DA49-4E69-878E-0FE4C7FF03B5}.Release|Any CPU.Build.0 = Release|Any CPU
	EndGlobalSection
	GlobalSection(SolutionProperties) = preSolution
		HideSolutionNode = FALSE
	EndGlobalSection
	GlobalSection(ExtensibilityGlobals) = postSolution
		SolutionGuid = {27091CB0-8720-4DDD-81F8-4C4448079345}
	EndGlobalSection
EndGlobal
